
Microsoft Visual Studio Solution File, Format Version 12.00
# Visual Studio Version 16
VisualStudioVersion = 16.0.29411.108
MinimumVisualStudioVersion = 10.0.40219.1
Project("{2150E333-8FDC-42A3-9474-1A3956D46DE8}") = "2-Application", "2-Application", "{163B7557-005E-432B-A265-07226C7D29B7}"
EndProject
Project("{2150E333-8FDC-42A3-9474-1A3956D46DE8}") = "1-Domain Layer", "1-Domain Layer", "{27E9A01B-5300-4AF2-9CFA-304BE0EDD60E}"
EndProject
Project("{2150E333-8FDC-42A3-9474-1A3956D46DE8}") = "0-Infrastructure", "0-Infrastructure", "{A35E0A5C-33C2-410A-832E-DE772A8D03CF}"
EndProject
Project("{9A19103F-16F7-4668-BE54-9A1E7A4F7556}") = "DomainModel", "DomainModel\DomainModel.csproj", "{8B57B927-FA09-4B32-942E-B3E4A22CC908}"
EndProject
Project("{9A19103F-16F7-4668-BE54-9A1E7A4F7556}") = "Application", "Application\Application.csproj", "{9F341287-4FA8-4F6B-A9F4-E142526ED963}"
EndProject
Project("{9A19103F-16F7-4668-BE54-9A1E7A4F7556}") = "Infrastructure", "Infrastructure\Infrastructure.csproj", "{AE9246CD-B297-4BB4-9595-5FD82ECCB8EB}"
EndProject
Project("{9A19103F-16F7-4668-BE54-9A1E7A4F7556}") = "DomainModel.Tests", "DomainModel.Tests\DomainModel.Tests.csproj", "{8B7EB277-4601-4524-B868-057C0AA2B21F}"
EndProject
Project("{FAE04EC0-301F-11D3-BF4B-00C04F79EFBC}") = "DomainServices", "DomainServices\DomainServices.csproj", "{F4B3254C-21A0-4C4C-90EA-1864102122A6}"
EndProject
Project("{FAE04EC0-301F-11D3-BF4B-00C04F79EFBC}") = "DomainServices.Tests", "DomainServices.Tests\DomainServices.Tests.csproj", "{FC018CAF-990D-4E8F-9740-921CA9E166E7}"
EndProject
Global
	GlobalSection(SolutionConfigurationPlatforms) = preSolution
		Debug|Any CPU = Debug|Any CPU
		Release|Any CPU = Release|Any CPU
	EndGlobalSection
	GlobalSection(ProjectConfigurationPlatforms) = postSolution
		{8B57B927-FA09-4B32-942E-B3E4A22CC908}.Debug|Any CPU.ActiveCfg = Debug|Any CPU
		{8B57B927-FA09-4B32-942E-B3E4A22CC908}.Debug|Any CPU.Build.0 = Debug|Any CPU
		{8B57B927-FA09-4B32-942E-B3E4A22CC908}.Release|Any CPU.ActiveCfg = Release|Any CPU
		{8B57B927-FA09-4B32-942E-B3E4A22CC908}.Release|Any CPU.Build.0 = Release|Any CPU
		{9F341287-4FA8-4F6B-A9F4-E142526ED963}.Debug|Any CPU.ActiveCfg = Debug|Any CPU
		{9F341287-4FA8-4F6B-A9F4-E142526ED963}.Debug|Any CPU.Build.0 = Debug|Any CPU
		{9F341287-4FA8-4F6B-A9F4-E142526ED963}.Release|Any CPU.ActiveCfg = Release|Any CPU
		{9F341287-4FA8-4F6B-A9F4-E142526ED963}.Release|Any CPU.Build.0 = Release|Any CPU
		{AE9246CD-B297-4BB4-9595-5FD82ECCB8EB}.Debug|Any CPU.ActiveCfg = Debug|Any CPU
		{AE9246CD-B297-4BB4-9595-5FD82ECCB8EB}.Debug|Any CPU.Build.0 = Debug|Any CPU
		{AE9246CD-B297-4BB4-9595-5FD82ECCB8EB}.Release|Any CPU.ActiveCfg = Release|Any CPU
		{AE9246CD-B297-4BB4-9595-5FD82ECCB8EB}.Release|Any CPU.Build.0 = Release|Any CPU
		{8B7EB277-4601-4524-B868-057C0AA2B21F}.Debug|Any CPU.ActiveCfg = Debug|Any CPU
		{8B7EB277-4601-4524-B868-057C0AA2B21F}.Debug|Any CPU.Build.0 = Debug|Any CPU
		{8B7EB277-4601-4524-B868-057C0AA2B21F}.Release|Any CPU.ActiveCfg = Release|Any CPU
		{8B7EB277-4601-4524-B868-057C0AA2B21F}.Release|Any CPU.Build.0 = Release|Any CPU
		{F4B3254C-21A0-4C4C-90EA-1864102122A6}.Debug|Any CPU.ActiveCfg = Debug|Any CPU
		{F4B3254C-21A0-4C4C-90EA-1864102122A6}.Debug|Any CPU.Build.0 = Debug|Any CPU
		{F4B3254C-21A0-4C4C-90EA-1864102122A6}.Release|Any CPU.ActiveCfg = Release|Any CPU
		{F4B3254C-21A0-4C4C-90EA-1864102122A6}.Release|Any CPU.Build.0 = Release|Any CPU
		{FC018CAF-990D-4E8F-9740-921CA9E166E7}.Debug|Any CPU.ActiveCfg = Debug|Any CPU
		{FC018CAF-990D-4E8F-9740-921CA9E166E7}.Debug|Any CPU.Build.0 = Debug|Any CPU
		{FC018CAF-990D-4E8F-9740-921CA9E166E7}.Release|Any CPU.ActiveCfg = Release|Any CPU
		{FC018CAF-990D-4E8F-9740-921CA9E166E7}.Release|Any CPU.Build.0 = Release|Any CPU
	EndGlobalSection
	GlobalSection(SolutionProperties) = preSolution
		HideSolutionNode = FALSE
	EndGlobalSection
	GlobalSection(NestedProjects) = preSolution
		{8B57B927-FA09-4B32-942E-B3E4A22CC908} = {27E9A01B-5300-4AF2-9CFA-304BE0EDD60E}
		{9F341287-4FA8-4F6B-A9F4-E142526ED963} = {163B7557-005E-432B-A265-07226C7D29B7}
		{AE9246CD-B297-4BB4-9595-5FD82ECCB8EB} = {A35E0A5C-33C2-410A-832E-DE772A8D03CF}
		{8B7EB277-4601-4524-B868-057C0AA2B21F} = {27E9A01B-5300-4AF2-9CFA-304BE0EDD60E}
		{F4B3254C-21A0-4C4C-90EA-1864102122A6} = {27E9A01B-5300-4AF2-9CFA-304BE0EDD60E}
		{FC018CAF-990D-4E8F-9740-921CA9E166E7} = {27E9A01B-5300-4AF2-9CFA-304BE0EDD60E}
	EndGlobalSection
	GlobalSection(ExtensibilityGlobals) = postSolution
		SolutionGuid = {C352FDC2-DE70-4449-A21C-A557C7202167}
	EndGlobalSection
EndGlobal
